
Microsoft Visual Studio Solution File, Format Version 12.00
# Visual Studio Version 17
VisualStudioVersion = 17.11.35312.102
MinimumVisualStudioVersion = 10.0.40219.1
Project("{FAE04EC0-301F-11D3-BF4B-00C04F79EFBC}") = "HypermediaValidation", "HypermediaValidation\HypermediaValidation.csproj", "{8D45409E-5907-4B9B-82E8-FFC01C767FAB}"
EndProject
Global
	GlobalSection(SolutionConfigurationPlatforms) = preSolution
		Debug|Any CPU = Debug|Any CPU
		Release|Any CPU = Release|Any CPU
	EndGlobalSection
	GlobalSection(ProjectConfigurationPlatforms) = postSolution
		{8D45409E-5907-4B9B-82E8-FFC01C767FAB}.Debug|Any CPU.ActiveCfg = Debug|Any CPU
		{8D45409E-5907-4B9B-82E8-FFC01C767FAB}.Debug|Any CPU.Build.0 = Debug|Any CPU
		{8D45409E-5907-4B9B-82E8-FFC01C767FAB}.Release|Any CPU.ActiveCfg = Release|Any CPU
		{8D45409E-5907-4B9B-82E8-FFC01C767FAB}.Release|Any CPU.Build.0 = Release|Any CPU
	EndGlobalSection
	GlobalSection(SolutionProperties) = preSolution
		HideSolutionNode = FALSE
	EndGlobalSection
	GlobalSection(ExtensibilityGlobals) = postSolution
		SolutionGuid = {98598227-A6EA-4A86-A7C3-19EB9F911382}
	EndGlobalSection
EndGlobal
